{
  "lockfile_version": "1",
  "packages": {
    "poetry@latest": {
      "last_modified": "2023-12-13T22:54:10Z",
      "plugin_version": "0.0.4",
      "resolved": "github:NixOS/nixpkgs/fd04bea4cbf76f86f244b9e2549fca066db8ddff#poetry",
      "source": "devbox-search",
      "version": "1.7.1"
    }
  }
}
